
Microsoft Visual Studio Solution File, Format Version 12.00
# Visual Studio 14
VisualStudioVersion = 14.0.25420.1
MinimumVisualStudioVersion = 10.0.40219.1
Project("{FAE04EC0-301F-11D3-BF4B-00C04F79EFBC}") = "ScrapeLibrary", "ScrapeLibrary\ScrapeLibrary.csproj", "{1EB564F4-7C23-42A4-B9A6-EC1335E1703E}"
EndProject
Project("{FAE04EC0-301F-11D3-BF4B-00C04F79EFBC}") = "ScrapeClient", "ScrapeClient\ScrapeClient.csproj", "{CE51D0EA-37EA-4813-8849-DEFA1E4A643A}"
EndProject
Global
	GlobalSection(SolutionConfigurationPlatforms) = preSolution
		Debug|Any CPU = Debug|Any CPU
		Release|Any CPU = Release|Any CPU
	EndGlobalSection
	GlobalSection(ProjectConfigurationPlatforms) = postSolution
		{1EB564F4-7C23-42A4-B9A6-EC1335E1703E}.Debug|Any CPU.ActiveCfg = Debug|Any CPU
		{1EB564F4-7C23-42A4-B9A6-EC1335E1703E}.Debug|Any CPU.Build.0 = Debug|Any CPU
		{1EB564F4-7C23-42A4-B9A6-EC1335E1703E}.Release|Any CPU.ActiveCfg = Release|Any CPU
		{1EB564F4-7C23-42A4-B9A6-EC1335E1703E}.Release|Any CPU.Build.0 = Release|Any CPU
		{CE51D0EA-37EA-4813-8849-DEFA1E4A643A}.Debug|Any CPU.ActiveCfg = Debug|Any CPU
		{CE51D0EA-37EA-4813-8849-DEFA1E4A643A}.Debug|Any CPU.Build.0 = Debug|Any CPU
		{CE51D0EA-37EA-4813-8849-DEFA1E4A643A}.Release|Any CPU.ActiveCfg = Release|Any CPU
		{CE51D0EA-37EA-4813-8849-DEFA1E4A643A}.Release|Any CPU.Build.0 = Release|Any CPU
	EndGlobalSection
	GlobalSection(SolutionProperties) = preSolution
		HideSolutionNode = FALSE
	EndGlobalSection
EndGlobal
